
Microsoft Visual Studio Solution File, Format Version 12.00
# Visual Studio 14
VisualStudioVersion = 14.0.25420.1
MinimumVisualStudioVersion = 10.0.40219.1
Project("{FAE04EC0-301F-11D3-BF4B-00C04F79EFBC}") = "UnitTestPractice", "UnitTestPractice\UnitTestPractice.csproj", "{AF3F0B31-2A6E-490B-95E1-6CDD6820E22E}"
EndProject
Project("{FAE04EC0-301F-11D3-BF4B-00C04F79EFBC}") = "UnitTestPracticeTests", "UnitTestPracticeTests\UnitTestPracticeTests.csproj", "{C63CA065-8219-4E9C-BB1C-E34415B5FE30}"
EndProject
Global
	GlobalSection(SolutionConfigurationPlatforms) = preSolution
		Debug|Any CPU = Debug|Any CPU
		Release|Any CPU = Release|Any CPU
	EndGlobalSection
	GlobalSection(ProjectConfigurationPlatforms) = postSolution
		{AF3F0B31-2A6E-490B-95E1-6CDD6820E22E}.Debug|Any CPU.ActiveCfg = Debug|Any CPU
		{AF3F0B31-2A6E-490B-95E1-6CDD6820E22E}.Debug|Any CPU.Build.0 = Debug|Any CPU
		{AF3F0B31-2A6E-490B-95E1-6CDD6820E22E}.Release|Any CPU.ActiveCfg = Release|Any CPU
		{AF3F0B31-2A6E-490B-95E1-6CDD6820E22E}.Release|Any CPU.Build.0 = Release|Any CPU
		{C63CA065-8219-4E9C-BB1C-E34415B5FE30}.Debug|Any CPU.ActiveCfg = Debug|Any CPU
		{C63CA065-8219-4E9C-BB1C-E34415B5FE30}.Debug|Any CPU.Build.0 = Debug|Any CPU
		{C63CA065-8219-4E9C-BB1C-E34415B5FE30}.Release|Any CPU.ActiveCfg = Release|Any CPU
		{C63CA065-8219-4E9C-BB1C-E34415B5FE30}.Release|Any CPU.Build.0 = Release|Any CPU
	EndGlobalSection
	GlobalSection(SolutionProperties) = preSolution
		HideSolutionNode = FALSE
	EndGlobalSection
EndGlobal
